
Microsoft Visual Studio Solution File, Format Version 12.00
# Visual Studio 15
VisualStudioVersion = 15.0.27428.2037
MinimumVisualStudioVersion = 10.0.40219.1
Project("{FAE04EC0-301F-11D3-BF4B-00C04F79EFBC}") = "Recursion", "Recursion\Recursion.csproj", "{47F0A91C-24A5-4D40-8010-3CAA83C3120B}"
EndProject
Project("{2150E333-8FDC-42A3-9474-1A3956D46DE8}") = "Anagram", "Anagram", "{566554FC-6839-4C85-9361-5CABEE9EB225}"
EndProject
Project("{FAE04EC0-301F-11D3-BF4B-00C04F79EFBC}") = "Anagram", "Anagram\Anagram.csproj", "{70A54857-72FA-4856-934D-0E351E7CFB01}"
EndProject
Project("{2150E333-8FDC-42A3-9474-1A3956D46DE8}") = "BinarySearch", "BinarySearch", "{0C5EC387-3194-469F-94DA-84A123037D3D}"
EndProject
Project("{2150E333-8FDC-42A3-9474-1A3956D46DE8}") = "TriangularPythaNum", "TriangularPythaNum", "{C54DC460-7CE8-47A0-A6A0-70F83FDEE96A}"
EndProject
Project("{FAE04EC0-301F-11D3-BF4B-00C04F79EFBC}") = "BinarySearch", "BinarySearch\BinarySearch.csproj", "{FCC347CB-1D9B-419C-88FE-4D677E6B5E39}"
EndProject
Project("{2150E333-8FDC-42A3-9474-1A3956D46DE8}") = "HanoiTower", "HanoiTower", "{94F99CA1-5FF4-4220-817D-5A1FD9D3C3D9}"
EndProject
Project("{FAE04EC0-301F-11D3-BF4B-00C04F79EFBC}") = "hanoiPuzzle", "hanoiPuzzle\hanoiPuzzle.csproj", "{C2FE4592-CB02-4FF6-A26A-9AA64C3834AE}"
EndProject
Project("{2150E333-8FDC-42A3-9474-1A3956D46DE8}") = "MergingSortedArrays", "MergingSortedArrays", "{85A1C834-5C7A-4EE1-B218-AD49D68AFF6E}"
EndProject
Project("{FAE04EC0-301F-11D3-BF4B-00C04F79EFBC}") = "MergeTwoSortedArr", "MergeTwoSortedArr\MergeTwoSortedArr.csproj", "{A5258302-8218-46AD-A2FC-D39A3B42EBA2}"
EndProject
Project("{2150E333-8FDC-42A3-9474-1A3956D46DE8}") = "MergeSort", "MergeSort", "{630510E7-BC8D-44AF-838C-61FD1F563757}"
EndProject
Project("{FAE04EC0-301F-11D3-BF4B-00C04F79EFBC}") = "MergeSort", "MergeSort\MergeSort.csproj", "{E2124A58-1141-44AD-AF16-4E4A44FF53DE}"
EndProject
Project("{2150E333-8FDC-42A3-9474-1A3956D46DE8}") = "EliminatingRecursion", "EliminatingRecursion", "{043C631A-6F49-46DE-922D-EE4819944319}"
EndProject
Project("{FAE04EC0-301F-11D3-BF4B-00C04F79EFBC}") = "StackEliminateRecursion", "StackEliminateRecursion\StackEliminateRecursion.csproj", "{8EA53422-2B3B-439B-98C4-4AB302C4487E}"
EndProject
Project("{2150E333-8FDC-42A3-9474-1A3956D46DE8}") = "RecursiveApplication", "RecursiveApplication", "{7DD43AB7-3C27-4AC8-82DE-A0C3A6F490F5}"
EndProject
Project("{FAE04EC0-301F-11D3-BF4B-00C04F79EFBC}") = "RecursiveApp", "RecursiveApp\RecursiveApp.csproj", "{C942277E-5645-475A-A2D0-C7698A95009A}"
EndProject
Project("{FAE04EC0-301F-11D3-BF4B-00C04F79EFBC}") = "KnapSack01", "KnapSack01\KnapSack01.csproj", "{C0706EAE-9B95-4B04-85CE-261EBBD22C37}"
EndProject
Global
	GlobalSection(SolutionConfigurationPlatforms) = preSolution
		Debug|Any CPU = Debug|Any CPU
		Release|Any CPU = Release|Any CPU
	EndGlobalSection
	GlobalSection(ProjectConfigurationPlatforms) = postSolution
		{47F0A91C-24A5-4D40-8010-3CAA83C3120B}.Debug|Any CPU.ActiveCfg = Debug|Any CPU
		{47F0A91C-24A5-4D40-8010-3CAA83C3120B}.Debug|Any CPU.Build.0 = Debug|Any CPU
		{47F0A91C-24A5-4D40-8010-3CAA83C3120B}.Release|Any CPU.ActiveCfg = Release|Any CPU
		{47F0A91C-24A5-4D40-8010-3CAA83C3120B}.Release|Any CPU.Build.0 = Release|Any CPU
		{70A54857-72FA-4856-934D-0E351E7CFB01}.Debug|Any CPU.ActiveCfg = Debug|Any CPU
		{70A54857-72FA-4856-934D-0E351E7CFB01}.Debug|Any CPU.Build.0 = Debug|Any CPU
		{70A54857-72FA-4856-934D-0E351E7CFB01}.Release|Any CPU.ActiveCfg = Release|Any CPU
		{70A54857-72FA-4856-934D-0E351E7CFB01}.Release|Any CPU.Build.0 = Release|Any CPU
		{FCC347CB-1D9B-419C-88FE-4D677E6B5E39}.Debug|Any CPU.ActiveCfg = Debug|Any CPU
		{FCC347CB-1D9B-419C-88FE-4D677E6B5E39}.Debug|Any CPU.Build.0 = Debug|Any CPU
		{FCC347CB-1D9B-419C-88FE-4D677E6B5E39}.Release|Any CPU.ActiveCfg = Release|Any CPU
		{FCC347CB-1D9B-419C-88FE-4D677E6B5E39}.Release|Any CPU.Build.0 = Release|Any CPU
		{C2FE4592-CB02-4FF6-A26A-9AA64C3834AE}.Debug|Any CPU.ActiveCfg = Debug|Any CPU
		{C2FE4592-CB02-4FF6-A26A-9AA64C3834AE}.Debug|Any CPU.Build.0 = Debug|Any CPU
		{C2FE4592-CB02-4FF6-A26A-9AA64C3834AE}.Release|Any CPU.ActiveCfg = Release|Any CPU
		{C2FE4592-CB02-4FF6-A26A-9AA64C3834AE}.Release|Any CPU.Build.0 = Release|Any CPU
		{A5258302-8218-46AD-A2FC-D39A3B42EBA2}.Debug|Any CPU.ActiveCfg = Debug|Any CPU
		{A5258302-8218-46AD-A2FC-D39A3B42EBA2}.Debug|Any CPU.Build.0 = Debug|Any CPU
		{A5258302-8218-46AD-A2FC-D39A3B42EBA2}.Release|Any CPU.ActiveCfg = Release|Any CPU
		{A5258302-8218-46AD-A2FC-D39A3B42EBA2}.Release|Any CPU.Build.0 = Release|Any CPU
		{E2124A58-1141-44AD-AF16-4E4A44FF53DE}.Debug|Any CPU.ActiveCfg = Debug|Any CPU
		{E2124A58-1141-44AD-AF16-4E4A44FF53DE}.Debug|Any CPU.Build.0 = Debug|Any CPU
		{E2124A58-1141-44AD-AF16-4E4A44FF53DE}.Release|Any CPU.ActiveCfg = Release|Any CPU
		{E2124A58-1141-44AD-AF16-4E4A44FF53DE}.Release|Any CPU.Build.0 = Release|Any CPU
		{8EA53422-2B3B-439B-98C4-4AB302C4487E}.Debug|Any CPU.ActiveCfg = Debug|Any CPU
		{8EA53422-2B3B-439B-98C4-4AB302C4487E}.Debug|Any CPU.Build.0 = Debug|Any CPU
		{8EA53422-2B3B-439B-98C4-4AB302C4487E}.Release|Any CPU.ActiveCfg = Release|Any CPU
		{8EA53422-2B3B-439B-98C4-4AB302C4487E}.Release|Any CPU.Build.0 = Release|Any CPU
		{C942277E-5645-475A-A2D0-C7698A95009A}.Debug|Any CPU.ActiveCfg = Debug|Any CPU
		{C942277E-5645-475A-A2D0-C7698A95009A}.Debug|Any CPU.Build.0 = Debug|Any CPU
		{C942277E-5645-475A-A2D0-C7698A95009A}.Release|Any CPU.ActiveCfg = Release|Any CPU
		{C942277E-5645-475A-A2D0-C7698A95009A}.Release|Any CPU.Build.0 = Release|Any CPU
		{C0706EAE-9B95-4B04-85CE-261EBBD22C37}.Debug|Any CPU.ActiveCfg = Debug|Any CPU
		{C0706EAE-9B95-4B04-85CE-261EBBD22C37}.Debug|Any CPU.Build.0 = Debug|Any CPU
		{C0706EAE-9B95-4B04-85CE-261EBBD22C37}.Release|Any CPU.ActiveCfg = Release|Any CPU
		{C0706EAE-9B95-4B04-85CE-261EBBD22C37}.Release|Any CPU.Build.0 = Release|Any CPU
	EndGlobalSection
	GlobalSection(SolutionProperties) = preSolution
		HideSolutionNode = FALSE
	EndGlobalSection
	GlobalSection(NestedProjects) = preSolution
		{47F0A91C-24A5-4D40-8010-3CAA83C3120B} = {C54DC460-7CE8-47A0-A6A0-70F83FDEE96A}
		{70A54857-72FA-4856-934D-0E351E7CFB01} = {566554FC-6839-4C85-9361-5CABEE9EB225}
		{FCC347CB-1D9B-419C-88FE-4D677E6B5E39} = {0C5EC387-3194-469F-94DA-84A123037D3D}
		{C2FE4592-CB02-4FF6-A26A-9AA64C3834AE} = {94F99CA1-5FF4-4220-817D-5A1FD9D3C3D9}
		{A5258302-8218-46AD-A2FC-D39A3B42EBA2} = {85A1C834-5C7A-4EE1-B218-AD49D68AFF6E}
		{E2124A58-1141-44AD-AF16-4E4A44FF53DE} = {630510E7-BC8D-44AF-838C-61FD1F563757}
		{8EA53422-2B3B-439B-98C4-4AB302C4487E} = {043C631A-6F49-46DE-922D-EE4819944319}
		{C942277E-5645-475A-A2D0-C7698A95009A} = {7DD43AB7-3C27-4AC8-82DE-A0C3A6F490F5}
		{C0706EAE-9B95-4B04-85CE-261EBBD22C37} = {7DD43AB7-3C27-4AC8-82DE-A0C3A6F490F5}
	EndGlobalSection
	GlobalSection(ExtensibilityGlobals) = postSolution
		SolutionGuid = {BEA5117C-0BCC-4273-883F-2905A2C2BF8F}
	EndGlobalSection
EndGlobal
