
Microsoft Visual Studio Solution File, Format Version 12.00
# Visual Studio 15
VisualStudioVersion = 15.0.27428.2037
MinimumVisualStudioVersion = 10.0.40219.1
Project("{FAE04EC0-301F-11D3-BF4B-00C04F79EFBC}") = "Recursion", "Recursion\Recursion.csproj", "{47F0A91C-24A5-4D40-8010-3CAA83C3120B}"
EndProject
Project("{2150E333-8FDC-42A3-9474-1A3956D46DE8}") = "Anagram", "Anagram", "{566554FC-6839-4C85-9361-5CABEE9EB225}"
EndProject
Project("{FAE04EC0-301F-11D3-BF4B-00C04F79EFBC}") = "Anagram", "Anagram\Anagram.csproj", "{70A54857-72FA-4856-934D-0E351E7CFB01}"
EndProject
Global
	GlobalSection(SolutionConfigurationPlatforms) = preSolution
		Debug|Any CPU = Debug|Any CPU
		Release|Any CPU = Release|Any CPU
	EndGlobalSection
	GlobalSection(ProjectConfigurationPlatforms) = postSolution
		{47F0A91C-24A5-4D40-8010-3CAA83C3120B}.Debug|Any CPU.ActiveCfg = Debug|Any CPU
		{47F0A91C-24A5-4D40-8010-3CAA83C3120B}.Debug|Any CPU.Build.0 = Debug|Any CPU
		{47F0A91C-24A5-4D40-8010-3CAA83C3120B}.Release|Any CPU.ActiveCfg = Release|Any CPU
		{47F0A91C-24A5-4D40-8010-3CAA83C3120B}.Release|Any CPU.Build.0 = Release|Any CPU
		{70A54857-72FA-4856-934D-0E351E7CFB01}.Debug|Any CPU.ActiveCfg = Debug|Any CPU
		{70A54857-72FA-4856-934D-0E351E7CFB01}.Debug|Any CPU.Build.0 = Debug|Any CPU
		{70A54857-72FA-4856-934D-0E351E7CFB01}.Release|Any CPU.ActiveCfg = Release|Any CPU
		{70A54857-72FA-4856-934D-0E351E7CFB01}.Release|Any CPU.Build.0 = Release|Any CPU
	EndGlobalSection
	GlobalSection(SolutionProperties) = preSolution
		HideSolutionNode = FALSE
	EndGlobalSection
	GlobalSection(NestedProjects) = preSolution
		{70A54857-72FA-4856-934D-0E351E7CFB01} = {566554FC-6839-4C85-9361-5CABEE9EB225}
	EndGlobalSection
	GlobalSection(ExtensibilityGlobals) = postSolution
		SolutionGuid = {BEA5117C-0BCC-4273-883F-2905A2C2BF8F}
	EndGlobalSection
EndGlobal
