
Microsoft Visual Studio Solution File, Format Version 12.00
# Visual Studio 15
VisualStudioVersion = 15.0.27428.2037
MinimumVisualStudioVersion = 10.0.40219.1
Project("{FAE04EC0-301F-11D3-BF4B-00C04F79EFBC}") = "Ch1ArraysSearch", "Ch1ArraysSearch\Ch1ArraysSearch.csproj", "{9180C39F-64EB-491E-86AB-77C9237B57C5}"
EndProject
Project("{FAE04EC0-301F-11D3-BF4B-00C04F79EFBC}") = "BinarySearch", "BinarySearch\BinarySearch.csproj", "{1290398E-F64F-4D08-AD43-11A287164229}"
EndProject
Global
	GlobalSection(SolutionConfigurationPlatforms) = preSolution
		Debug|Any CPU = Debug|Any CPU
		Release|Any CPU = Release|Any CPU
	EndGlobalSection
	GlobalSection(ProjectConfigurationPlatforms) = postSolution
		{9180C39F-64EB-491E-86AB-77C9237B57C5}.Debug|Any CPU.ActiveCfg = Debug|Any CPU
		{9180C39F-64EB-491E-86AB-77C9237B57C5}.Debug|Any CPU.Build.0 = Debug|Any CPU
		{9180C39F-64EB-491E-86AB-77C9237B57C5}.Release|Any CPU.ActiveCfg = Release|Any CPU
		{9180C39F-64EB-491E-86AB-77C9237B57C5}.Release|Any CPU.Build.0 = Release|Any CPU
		{1290398E-F64F-4D08-AD43-11A287164229}.Debug|Any CPU.ActiveCfg = Debug|Any CPU
		{1290398E-F64F-4D08-AD43-11A287164229}.Debug|Any CPU.Build.0 = Debug|Any CPU
		{1290398E-F64F-4D08-AD43-11A287164229}.Release|Any CPU.ActiveCfg = Release|Any CPU
		{1290398E-F64F-4D08-AD43-11A287164229}.Release|Any CPU.Build.0 = Release|Any CPU
	EndGlobalSection
	GlobalSection(SolutionProperties) = preSolution
		HideSolutionNode = FALSE
	EndGlobalSection
	GlobalSection(ExtensibilityGlobals) = postSolution
		SolutionGuid = {51FF4B67-B0BD-4D3E-81F2-72EA729BEB6E}
	EndGlobalSection
EndGlobal
