
Microsoft Visual Studio Solution File, Format Version 12.00
# Visual Studio 15
VisualStudioVersion = 15.0.27428.2037
MinimumVisualStudioVersion = 10.0.40219.1
Project("{FAE04EC0-301F-11D3-BF4B-00C04F79EFBC}") = "ShellSort", "ConsoleApp1\ShellSort.csproj", "{3F9F51AF-4B1F-4E57-A93C-3884CA3A3BCF}"
EndProject
Project("{2150E333-8FDC-42A3-9474-1A3956D46DE8}") = "Advance Sorting", "Advance Sorting", "{62969FC5-76C9-4BB3-810E-6DAC6AA230AD}"
EndProject
Project("{2150E333-8FDC-42A3-9474-1A3956D46DE8}") = "Shell Sort", "Shell Sort", "{9E9E90F4-EFC6-4554-9225-D4CA309D206F}"
EndProject
Project("{2150E333-8FDC-42A3-9474-1A3956D46DE8}") = "Partition", "Partition", "{9968736D-2255-4E4A-B630-75D5B4E33D15}"
EndProject
Project("{FAE04EC0-301F-11D3-BF4B-00C04F79EFBC}") = "PartitionLogic", "PartitionLogic\PartitionLogic.csproj", "{666F84AF-C619-4EC9-B834-DFF69EBE5E16}"
EndProject
Project("{2150E333-8FDC-42A3-9474-1A3956D46DE8}") = "SimpleQuickSort", "SimpleQuickSort", "{CF8FC8CD-EA23-479C-88BC-8240B2070128}"
EndProject
Project("{FAE04EC0-301F-11D3-BF4B-00C04F79EFBC}") = "QuickSortSimpleVers", "QuickSortSimpleVers\QuickSortSimpleVers.csproj", "{AA283477-B683-4E75-8B5E-4FAC90DFB906}"
EndProject
Project("{2150E333-8FDC-42A3-9474-1A3956D46DE8}") = "QuickSort Median3Partition", "QuickSort Median3Partition", "{388580F1-8E1D-4EB2-ACF2-C636AA1DB0DB}"
EndProject
Project("{FAE04EC0-301F-11D3-BF4B-00C04F79EFBC}") = "QuickSortMed3", "QuickSortMed3\QuickSortMed3.csproj", "{12E41D34-8406-4B7C-ACDF-35701AC9AABC}"
EndProject
Project("{2150E333-8FDC-42A3-9474-1A3956D46DE8}") = "QuickSortInsertionSort", "QuickSortInsertionSort", "{C0417213-0703-4AD1-BCB5-6478E3ECF973}"
EndProject
Project("{FAE04EC0-301F-11D3-BF4B-00C04F79EFBC}") = "QuickSortInsertionCleanup", "QuickSortInsertionCleanup\QuickSortInsertionCleanup.csproj", "{A1B30F82-D81D-438C-B1A9-3E320F030379}"
EndProject
Global
	GlobalSection(SolutionConfigurationPlatforms) = preSolution
		Debug|Any CPU = Debug|Any CPU
		Release|Any CPU = Release|Any CPU
	EndGlobalSection
	GlobalSection(ProjectConfigurationPlatforms) = postSolution
		{3F9F51AF-4B1F-4E57-A93C-3884CA3A3BCF}.Debug|Any CPU.ActiveCfg = Debug|Any CPU
		{3F9F51AF-4B1F-4E57-A93C-3884CA3A3BCF}.Debug|Any CPU.Build.0 = Debug|Any CPU
		{3F9F51AF-4B1F-4E57-A93C-3884CA3A3BCF}.Release|Any CPU.ActiveCfg = Release|Any CPU
		{3F9F51AF-4B1F-4E57-A93C-3884CA3A3BCF}.Release|Any CPU.Build.0 = Release|Any CPU
		{666F84AF-C619-4EC9-B834-DFF69EBE5E16}.Debug|Any CPU.ActiveCfg = Debug|Any CPU
		{666F84AF-C619-4EC9-B834-DFF69EBE5E16}.Debug|Any CPU.Build.0 = Debug|Any CPU
		{666F84AF-C619-4EC9-B834-DFF69EBE5E16}.Release|Any CPU.ActiveCfg = Release|Any CPU
		{666F84AF-C619-4EC9-B834-DFF69EBE5E16}.Release|Any CPU.Build.0 = Release|Any CPU
		{AA283477-B683-4E75-8B5E-4FAC90DFB906}.Debug|Any CPU.ActiveCfg = Debug|Any CPU
		{AA283477-B683-4E75-8B5E-4FAC90DFB906}.Debug|Any CPU.Build.0 = Debug|Any CPU
		{AA283477-B683-4E75-8B5E-4FAC90DFB906}.Release|Any CPU.ActiveCfg = Release|Any CPU
		{AA283477-B683-4E75-8B5E-4FAC90DFB906}.Release|Any CPU.Build.0 = Release|Any CPU
		{12E41D34-8406-4B7C-ACDF-35701AC9AABC}.Debug|Any CPU.ActiveCfg = Debug|Any CPU
		{12E41D34-8406-4B7C-ACDF-35701AC9AABC}.Debug|Any CPU.Build.0 = Debug|Any CPU
		{12E41D34-8406-4B7C-ACDF-35701AC9AABC}.Release|Any CPU.ActiveCfg = Release|Any CPU
		{12E41D34-8406-4B7C-ACDF-35701AC9AABC}.Release|Any CPU.Build.0 = Release|Any CPU
		{A1B30F82-D81D-438C-B1A9-3E320F030379}.Debug|Any CPU.ActiveCfg = Debug|Any CPU
		{A1B30F82-D81D-438C-B1A9-3E320F030379}.Debug|Any CPU.Build.0 = Debug|Any CPU
		{A1B30F82-D81D-438C-B1A9-3E320F030379}.Release|Any CPU.ActiveCfg = Release|Any CPU
		{A1B30F82-D81D-438C-B1A9-3E320F030379}.Release|Any CPU.Build.0 = Release|Any CPU
	EndGlobalSection
	GlobalSection(SolutionProperties) = preSolution
		HideSolutionNode = FALSE
	EndGlobalSection
	GlobalSection(NestedProjects) = preSolution
		{3F9F51AF-4B1F-4E57-A93C-3884CA3A3BCF} = {9E9E90F4-EFC6-4554-9225-D4CA309D206F}
		{9E9E90F4-EFC6-4554-9225-D4CA309D206F} = {62969FC5-76C9-4BB3-810E-6DAC6AA230AD}
		{9968736D-2255-4E4A-B630-75D5B4E33D15} = {62969FC5-76C9-4BB3-810E-6DAC6AA230AD}
		{666F84AF-C619-4EC9-B834-DFF69EBE5E16} = {9968736D-2255-4E4A-B630-75D5B4E33D15}
		{CF8FC8CD-EA23-479C-88BC-8240B2070128} = {62969FC5-76C9-4BB3-810E-6DAC6AA230AD}
		{AA283477-B683-4E75-8B5E-4FAC90DFB906} = {CF8FC8CD-EA23-479C-88BC-8240B2070128}
		{388580F1-8E1D-4EB2-ACF2-C636AA1DB0DB} = {62969FC5-76C9-4BB3-810E-6DAC6AA230AD}
		{12E41D34-8406-4B7C-ACDF-35701AC9AABC} = {388580F1-8E1D-4EB2-ACF2-C636AA1DB0DB}
		{C0417213-0703-4AD1-BCB5-6478E3ECF973} = {62969FC5-76C9-4BB3-810E-6DAC6AA230AD}
		{A1B30F82-D81D-438C-B1A9-3E320F030379} = {C0417213-0703-4AD1-BCB5-6478E3ECF973}
	EndGlobalSection
	GlobalSection(ExtensibilityGlobals) = postSolution
		SolutionGuid = {999027DF-6F5A-4441-95F2-48107DA4B466}
	EndGlobalSection
EndGlobal
